// !$*UTF8*$!
{
	archiveVersion = 1;
	classes = {
	};
	objectVersion = 48;
	objects = {

/* Begin PBXBuildFile section */
		0A3B19261FAB1DCD005930F4 /* Extensions.swift in Sources */ = {isa = PBXBuildFile; fileRef = 0A3B19191FAB1DCC005930F4 /* Extensions.swift */; };
		0A3B19271FAB1DCD005930F4 /* DistanceLabel.swift in Sources */ = {isa = PBXBuildFile; fileRef = 0A3B191A1FAB1DCC005930F4 /* DistanceLabel.swift */; };
		0A3B19281FAB1DCD005930F4 /* UIView_Borders.swift in Sources */ = {isa = PBXBuildFile; fileRef = 0A3B191B1FAB1DCD005930F4 /* UIView_Borders.swift */; };
		0A3B19291FAB1DCD005930F4 /* SwiftSimplify.swift in Sources */ = {isa = PBXBuildFile; fileRef = 0A3B191C1FAB1DCD005930F4 /* SwiftSimplify.swift */; };
		0A3B192B1FAB1DCD005930F4 /* CameraTableViewCell.xib in Resources */ = {isa = PBXBuildFile; fileRef = 0A3B191E1FAB1DCD005930F4 /* CameraTableViewCell.xib */; };
		0A3B192D1FAB1DCD005930F4 /* RouteViewController.swift in Sources */ = {isa = PBXBuildFile; fileRef = 0A3B19201FAB1DCD005930F4 /* RouteViewController.swift */; };
		0A3B192E1FAB1DCD005930F4 /* StartViewController.swift in Sources */ = {isa = PBXBuildFile; fileRef = 0A3B19211FAB1DCD005930F4 /* StartViewController.swift */; };
		0A3B192F1FAB1DCD005930F4 /* RoutingService.swift in Sources */ = {isa = PBXBuildFile; fileRef = 0A3B19221FAB1DCD005930F4 /* RoutingService.swift */; };
		0A3B19301FAB1DCD005930F4 /* MapViewController.swift in Sources */ = {isa = PBXBuildFile; fileRef = 0A3B19231FAB1DCD005930F4 /* MapViewController.swift */; };
		0A3B19311FAB1DCD005930F4 /* CameraTableViewCell.swift in Sources */ = {isa = PBXBuildFile; fileRef = 0A3B19241FAB1DCD005930F4 /* CameraTableViewCell.swift */; };
		0A3B19321FAB1DCD005930F4 /* NavigationController.swift in Sources */ = {isa = PBXBuildFile; fileRef = 0A3B19251FAB1DCD005930F4 /* NavigationController.swift */; };
		0A3B19421FB06AFB005930F4 /* biglogo.png in Resources */ = {isa = PBXBuildFile; fileRef = 0A3B19411FB06AFB005930F4 /* biglogo.png */; };
		0A4ACBD91FAB0C4A0097C914 /* AppDelegate.swift in Sources */ = {isa = PBXBuildFile; fileRef = 0A4ACBD81FAB0C4A0097C914 /* AppDelegate.swift */; };
		0A4ACBDE1FAB0C4A0097C914 /* Main.storyboard in Resources */ = {isa = PBXBuildFile; fileRef = 0A4ACBDC1FAB0C4A0097C914 /* Main.storyboard */; };
		0A4ACBE01FAB0C4A0097C914 /* Assets.xcassets in Resources */ = {isa = PBXBuildFile; fileRef = 0A4ACBDF1FAB0C4A0097C914 /* Assets.xcassets */; };
		0A4ACBE31FAB0C4A0097C914 /* LaunchScreen.storyboard in Resources */ = {isa = PBXBuildFile; fileRef = 0A4ACBE11FAB0C4A0097C914 /* LaunchScreen.storyboard */; };
		D2DBA40428635C92E6324A65 /* Pods_Tripradar.framework in Frameworks */ = {isa = PBXBuildFile; fileRef = DE890516F1CD4514112382F5 /* Pods_Tripradar.framework */; };
/* End PBXBuildFile section */

/* Begin PBXFileReference section */
		0A3B19191FAB1DCC005930F4 /* Extensions.swift */ = {isa = PBXFileReference; fileEncoding = 4; lastKnownFileType = sourcecode.swift; path = Extensions.swift; sourceTree = "<group>"; };
		0A3B191A1FAB1DCC005930F4 /* DistanceLabel.swift */ = {isa = PBXFileReference; fileEncoding = 4; lastKnownFileType = sourcecode.swift; path = DistanceLabel.swift; sourceTree = "<group>"; };
		0A3B191B1FAB1DCD005930F4 /* UIView_Borders.swift */ = {isa = PBXFileReference; fileEncoding = 4; lastKnownFileType = sourcecode.swift; path = UIView_Borders.swift; sourceTree = "<group>"; };
		0A3B191C1FAB1DCD005930F4 /* SwiftSimplify.swift */ = {isa = PBXFileReference; fileEncoding = 4; lastKnownFileType = sourcecode.swift; path = SwiftSimplify.swift; sourceTree = "<group>"; };
		0A3B191E1FAB1DCD005930F4 /* CameraTableViewCell.xib */ = {isa = PBXFileReference; fileEncoding = 4; lastKnownFileType = file.xib; path = CameraTableViewCell.xib; sourceTree = "<group>"; };
		0A3B19201FAB1DCD005930F4 /* RouteViewController.swift */ = {isa = PBXFileReference; fileEncoding = 4; lastKnownFileType = sourcecode.swift; path = RouteViewController.swift; sourceTree = "<group>"; };
		0A3B19211FAB1DCD005930F4 /* StartViewController.swift */ = {isa = PBXFileReference; fileEncoding = 4; lastKnownFileType = sourcecode.swift; path = StartViewController.swift; sourceTree = "<group>"; };
		0A3B19221FAB1DCD005930F4 /* RoutingService.swift */ = {isa = PBXFileReference; fileEncoding = 4; lastKnownFileType = sourcecode.swift; path = RoutingService.swift; sourceTree = "<group>"; };
		0A3B19231FAB1DCD005930F4 /* MapViewController.swift */ = {isa = PBXFileReference; fileEncoding = 4; lastKnownFileType = sourcecode.swift; path = MapViewController.swift; sourceTree = "<group>"; };
		0A3B19241FAB1DCD005930F4 /* CameraTableViewCell.swift */ = {isa = PBXFileReference; fileEncoding = 4; lastKnownFileType = sourcecode.swift; path = CameraTableViewCell.swift; sourceTree = "<group>"; };
		0A3B19251FAB1DCD005930F4 /* NavigationController.swift */ = {isa = PBXFileReference; fileEncoding = 4; lastKnownFileType = sourcecode.swift; path = NavigationController.swift; sourceTree = "<group>"; };
		0A3B19411FB06AFB005930F4 /* biglogo.png */ = {isa = PBXFileReference; lastKnownFileType = image.png; path = biglogo.png; sourceTree = "<group>"; };
		0A4ACBD51FAB0C4A0097C914 /* Tripradar.app */ = {isa = PBXFileReference; explicitFileType = wrapper.application; includeInIndex = 0; path = Tripradar.app; sourceTree = BUILT_PRODUCTS_DIR; };
		0A4ACBD81FAB0C4A0097C914 /* AppDelegate.swift */ = {isa = PBXFileReference; lastKnownFileType = sourcecode.swift; path = AppDelegate.swift; sourceTree = "<group>"; };
		0A4ACBDD1FAB0C4A0097C914 /* Base */ = {isa = PBXFileReference; lastKnownFileType = file.storyboard; name = Base; path = Base.lproj/Main.storyboard; sourceTree = "<group>"; };
		0A4ACBDF1FAB0C4A0097C914 /* Assets.xcassets */ = {isa = PBXFileReference; lastKnownFileType = folder.assetcatalog; path = Assets.xcassets; sourceTree = "<group>"; };
		0A4ACBE21FAB0C4A0097C914 /* Base */ = {isa = PBXFileReference; lastKnownFileType = file.storyboard; name = Base; path = Base.lproj/LaunchScreen.storyboard; sourceTree = "<group>"; };
		0A4ACBE41FAB0C4A0097C914 /* Info.plist */ = {isa = PBXFileReference; lastKnownFileType = text.plist.xml; path = Info.plist; sourceTree = "<group>"; };
		17A4C4CF0F7CF64CE6B45AFF /* Pods-Tripradar.debug.xcconfig */ = {isa = PBXFileReference; includeInIndex = 1; lastKnownFileType = text.xcconfig; name = "Pods-Tripradar.debug.xcconfig"; path = "Pods/Target Support Files/Pods-Tripradar/Pods-Tripradar.debug.xcconfig"; sourceTree = "<group>"; };
		AA555D2EA0C7FBCC0B0A7C61 /* Pods-Tripradar.release.xcconfig */ = {isa = PBXFileReference; includeInIndex = 1; lastKnownFileType = text.xcconfig; name = "Pods-Tripradar.release.xcconfig"; path = "Pods/Target Support Files/Pods-Tripradar/Pods-Tripradar.release.xcconfig"; sourceTree = "<group>"; };
		DE890516F1CD4514112382F5 /* Pods_Tripradar.framework */ = {isa = PBXFileReference; explicitFileType = wrapper.framework; includeInIndex = 0; path = Pods_Tripradar.framework; sourceTree = BUILT_PRODUCTS_DIR; };
/* End PBXFileReference section */

/* Begin PBXFrameworksBuildPhase section */
		0A4ACBD21FAB0C4A0097C914 /* Frameworks */ = {
			isa = PBXFrameworksBuildPhase;
			buildActionMask = 2147483647;
			files = (
				D2DBA40428635C92E6324A65 /* Pods_Tripradar.framework in Frameworks */,
			);
			runOnlyForDeploymentPostprocessing = 0;
		};
/* End PBXFrameworksBuildPhase section */

/* Begin PBXGroup section */
		0A4ACBCC1FAB0C4A0097C914 = {
			isa = PBXGroup;
			children = (
				0A4ACBD71FAB0C4A0097C914 /* Tripradar */,
				0A4ACBD61FAB0C4A0097C914 /* Products */,
				AF5A94B73F408CFBC3A932FF /* Pods */,
				1D204C5761D0878B7068C5EC /* Frameworks */,
			);
			sourceTree = "<group>";
		};
		0A4ACBD61FAB0C4A0097C914 /* Products */ = {
			isa = PBXGroup;
			children = (
				0A4ACBD51FAB0C4A0097C914 /* Tripradar.app */,
			);
			name = Products;
			sourceTree = "<group>";
		};
		0A4ACBD71FAB0C4A0097C914 /* Tripradar */ = {
			isa = PBXGroup;
			children = (
				0A3B19411FB06AFB005930F4 /* biglogo.png */,
				0A3B19241FAB1DCD005930F4 /* CameraTableViewCell.swift */,
				0A3B191E1FAB1DCD005930F4 /* CameraTableViewCell.xib */,
				0A3B191A1FAB1DCC005930F4 /* DistanceLabel.swift */,
				0A3B19191FAB1DCC005930F4 /* Extensions.swift */,
				0A3B19231FAB1DCD005930F4 /* MapViewController.swift */,
				0A3B19251FAB1DCD005930F4 /* NavigationController.swift */,
				0A3B19201FAB1DCD005930F4 /* RouteViewController.swift */,
				0A3B19221FAB1DCD005930F4 /* RoutingService.swift */,
				0A3B19211FAB1DCD005930F4 /* StartViewController.swift */,
				0A3B191C1FAB1DCD005930F4 /* SwiftSimplify.swift */,
				0A3B191B1FAB1DCD005930F4 /* UIView_Borders.swift */,
				0A4ACBD81FAB0C4A0097C914 /* AppDelegate.swift */,
				0A4ACBDC1FAB0C4A0097C914 /* Main.storyboard */,
				0A4ACBDF1FAB0C4A0097C914 /* Assets.xcassets */,
				0A4ACBE11FAB0C4A0097C914 /* LaunchScreen.storyboard */,
				0A4ACBE41FAB0C4A0097C914 /* Info.plist */,
			);
			path = Tripradar;
			sourceTree = "<group>";
		};
		1D204C5761D0878B7068C5EC /* Frameworks */ = {
			isa = PBXGroup;
			children = (
				DE890516F1CD4514112382F5 /* Pods_Tripradar.framework */,
			);
			name = Frameworks;
			sourceTree = "<group>";
		};
		AF5A94B73F408CFBC3A932FF /* Pods */ = {
			isa = PBXGroup;
			children = (
				17A4C4CF0F7CF64CE6B45AFF /* Pods-Tripradar.debug.xcconfig */,
				AA555D2EA0C7FBCC0B0A7C61 /* Pods-Tripradar.release.xcconfig */,
			);
			name = Pods;
			sourceTree = "<group>";
		};
/* End PBXGroup section */

/* Begin PBXNativeTarget section */
		0A4ACBD41FAB0C4A0097C914 /* Tripradar */ = {
			isa = PBXNativeTarget;
			buildConfigurationList = 0A4ACBE71FAB0C4A0097C914 /* Build configuration list for PBXNativeTarget "Tripradar" */;
			buildPhases = (
				D7C04991F5221EE80C663236 /* [CP] Check Pods Manifest.lock */,
				0A4ACBD11FAB0C4A0097C914 /* Sources */,
				0A4ACBD21FAB0C4A0097C914 /* Frameworks */,
				0A4ACBD31FAB0C4A0097C914 /* Resources */,
				B13F5E2CD416C6458615AB09 /* [CP] Embed Pods Frameworks */,
				57A7E3B2989EB836DBDE7431 /* [CP] Copy Pods Resources */,
			);
			buildRules = (
			);
			dependencies = (
			);
			name = Tripradar;
			productName = Tripradar;
			productReference = 0A4ACBD51FAB0C4A0097C914 /* Tripradar.app */;
			productType = "com.apple.product-type.application";
		};
/* End PBXNativeTarget section */

/* Begin PBXProject section */
		0A4ACBCD1FAB0C4A0097C914 /* Project object */ = {
			isa = PBXProject;
			attributes = {
				LastSwiftUpdateCheck = 0910;
				LastUpgradeCheck = 0910;
				ORGANIZATIONNAME = "Joakim Beijar";
				TargetAttributes = {
					0A4ACBD41FAB0C4A0097C914 = {
						CreatedOnToolsVersion = 9.1;
						ProvisioningStyle = Automatic;
					};
				};
			};
			buildConfigurationList = 0A4ACBD01FAB0C4A0097C914 /* Build configuration list for PBXProject "Tripradar" */;
			compatibilityVersion = "Xcode 8.0";
			developmentRegion = en;
			hasScannedForEncodings = 0;
			knownRegions = (
				en,
				Base,
			);
			mainGroup = 0A4ACBCC1FAB0C4A0097C914;
			productRefGroup = 0A4ACBD61FAB0C4A0097C914 /* Products */;
			projectDirPath = "";
			projectRoot = "";
			targets = (
				0A4ACBD41FAB0C4A0097C914 /* Tripradar */,
			);
		};
/* End PBXProject section */

/* Begin PBXResourcesBuildPhase section */
		0A4ACBD31FAB0C4A0097C914 /* Resources */ = {
			isa = PBXResourcesBuildPhase;
			buildActionMask = 2147483647;
			files = (
				0A3B19421FB06AFB005930F4 /* biglogo.png in Resources */,
				0A3B192B1FAB1DCD005930F4 /* CameraTableViewCell.xib in Resources */,
				0A4ACBE31FAB0C4A0097C914 /* LaunchScreen.storyboard in Resources */,
				0A4ACBE01FAB0C4A0097C914 /* Assets.xcassets in Resources */,
				0A4ACBDE1FAB0C4A0097C914 /* Main.storyboard in Resources */,
			);
			runOnlyForDeploymentPostprocessing = 0;
		};
/* End PBXResourcesBuildPhase section */

/* Begin PBXShellScriptBuildPhase section */
		57A7E3B2989EB836DBDE7431 /* [CP] Copy Pods Resources */ = {
			isa = PBXShellScriptBuildPhase;
			buildActionMask = 2147483647;
			files = (
			);
			inputPaths = (
				"${SRCROOT}/Pods/Target Support Files/Pods-Tripradar/Pods-Tripradar-resources.sh",
				"${PODS_ROOT}/GoogleMaps/Maps/Frameworks/GoogleMaps.framework/Resources/GoogleMaps.bundle",
				"${PODS_ROOT}/GooglePlaces/Frameworks/GooglePlaces.framework/Resources/GooglePlaces.bundle",
			);
			name = "[CP] Copy Pods Resources";
			outputPaths = (
				"${TARGET_BUILD_DIR}/${UNLOCALIZED_RESOURCES_FOLDER_PATH}",
			);
			runOnlyForDeploymentPostprocessing = 0;
			shellPath = /bin/sh;
			shellScript = "\"${SRCROOT}/Pods/Target Support Files/Pods-Tripradar/Pods-Tripradar-resources.sh\"\n";
			showEnvVarsInLog = 0;
		};
		B13F5E2CD416C6458615AB09 /* [CP] Embed Pods Frameworks */ = {
			isa = PBXShellScriptBuildPhase;
			buildActionMask = 2147483647;
			files = (
			);
			inputPaths = (
				"${SRCROOT}/Pods/Target Support Files/Pods-Tripradar/Pods-Tripradar-frameworks.sh",
				"${BUILT_PRODUCTS_DIR}/SDWebImage/SDWebImage.framework",
			);
			name = "[CP] Embed Pods Frameworks";
			outputPaths = (
				"${TARGET_BUILD_DIR}/${FRAMEWORKS_FOLDER_PATH}/SDWebImage.framework",
			);
			runOnlyForDeploymentPostprocessing = 0;
			shellPath = /bin/sh;
			shellScript = "\"${SRCROOT}/Pods/Target Support Files/Pods-Tripradar/Pods-Tripradar-frameworks.sh\"\n";
			showEnvVarsInLog = 0;
		};
		D7C04991F5221EE80C663236 /* [CP] Check Pods Manifest.lock */ = {
			isa = PBXShellScriptBuildPhase;
			buildActionMask = 2147483647;
			files = (
			);
			inputPaths = (
				"${PODS_PODFILE_DIR_PATH}/Podfile.lock",
				"${PODS_ROOT}/Manifest.lock",
			);
			name = "[CP] Check Pods Manifest.lock";
			outputPaths = (
				"$(DERIVED_FILE_DIR)/Pods-Tripradar-checkManifestLockResult.txt",
			);
			runOnlyForDeploymentPostprocessing = 0;
			shellPath = /bin/sh;
			shellScript = "diff \"${PODS_PODFILE_DIR_PATH}/Podfile.lock\" \"${PODS_ROOT}/Manifest.lock\" > /dev/null\nif [ $? != 0 ] ; then\n    # print error to STDERR\n    echo \"error: The sandbox is not in sync with the Podfile.lock. Run 'pod install' or update your CocoaPods installation.\" >&2\n    exit 1\nfi\n# This output is used by Xcode 'outputs' to avoid re-running this script phase.\necho \"SUCCESS\" > \"${SCRIPT_OUTPUT_FILE_0}\"\n";
			showEnvVarsInLog = 0;
		};
/* End PBXShellScriptBuildPhase section */

/* Begin PBXSourcesBuildPhase section */
		0A4ACBD11FAB0C4A0097C914 /* Sources */ = {
			isa = PBXSourcesBuildPhase;
			buildActionMask = 2147483647;
			files = (
				0A3B19311FAB1DCD005930F4 /* CameraTableViewCell.swift in Sources */,
				0A3B19301FAB1DCD005930F4 /* MapViewController.swift in Sources */,
				0A3B192F1FAB1DCD005930F4 /* RoutingService.swift in Sources */,
				0A3B19281FAB1DCD005930F4 /* UIView_Borders.swift in Sources */,
				0A3B192D1FAB1DCD005930F4 /* RouteViewController.swift in Sources */,
				0A3B19271FAB1DCD005930F4 /* DistanceLabel.swift in Sources */,
				0A3B19261FAB1DCD005930F4 /* Extensions.swift in Sources */,
				0A3B19321FAB1DCD005930F4 /* NavigationController.swift in Sources */,
				0A3B192E1FAB1DCD005930F4 /* StartViewController.swift in Sources */,
				0A3B19291FAB1DCD005930F4 /* SwiftSimplify.swift in Sources */,
				0A4ACBD91FAB0C4A0097C914 /* AppDelegate.swift in Sources */,
			);
			runOnlyForDeploymentPostprocessing = 0;
		};
/* End PBXSourcesBuildPhase section */

/* Begin PBXVariantGroup section */
		0A4ACBDC1FAB0C4A0097C914 /* Main.storyboard */ = {
			isa = PBXVariantGroup;
			children = (
				0A4ACBDD1FAB0C4A0097C914 /* Base */,
			);
			name = Main.storyboard;
			sourceTree = "<group>";
		};
		0A4ACBE11FAB0C4A0097C914 /* LaunchScreen.storyboard */ = {
			isa = PBXVariantGroup;
			children = (
				0A4ACBE21FAB0C4A0097C914 /* Base */,
			);
			name = LaunchScreen.storyboard;
			sourceTree = "<group>";
		};
/* End PBXVariantGroup section */

/* Begin XCBuildConfiguration section */
		0A4ACBE51FAB0C4A0097C914 /* Debug */ = {
			isa = XCBuildConfiguration;
			buildSettings = {
				ALWAYS_SEARCH_USER_PATHS = NO;
				CLANG_ANALYZER_NONNULL = YES;
				CLANG_ANALYZER_NUMBER_OBJECT_CONVERSION = YES_AGGRESSIVE;
				CLANG_CXX_LANGUAGE_STANDARD = "gnu++14";
				CLANG_CXX_LIBRARY = "libc++";
				CLANG_ENABLE_MODULES = YES;
				CLANG_ENABLE_OBJC_ARC = YES;
				CLANG_WARN_BLOCK_CAPTURE_AUTORELEASING = YES;
				CLANG_WARN_BOOL_CONVERSION = YES;
				CLANG_WARN_COMMA = YES;
				CLANG_WARN_CONSTANT_CONVERSION = YES;
				CLANG_WARN_DIRECT_OBJC_ISA_USAGE = YES_ERROR;
				CLANG_WARN_DOCUMENTATION_COMMENTS = YES;
				CLANG_WARN_EMPTY_BODY = YES;
				CLANG_WARN_ENUM_CONVERSION = YES;
				CLANG_WARN_INFINITE_RECURSION = YES;
				CLANG_WARN_INT_CONVERSION = YES;
				CLANG_WARN_NON_LITERAL_NULL_CONVERSION = YES;
				CLANG_WARN_OBJC_LITERAL_CONVERSION = YES;
				CLANG_WARN_OBJC_ROOT_CLASS = YES_ERROR;
				CLANG_WARN_RANGE_LOOP_ANALYSIS = YES;
				CLANG_WARN_STRICT_PROTOTYPES = YES;
				CLANG_WARN_SUSPICIOUS_MOVE = YES;
				CLANG_WARN_UNGUARDED_AVAILABILITY = YES_AGGRESSIVE;
				CLANG_WARN_UNREACHABLE_CODE = YES;
				CLANG_WARN__DUPLICATE_METHOD_MATCH = YES;
				CODE_SIGN_IDENTITY = "iPhone Developer";
				COPY_PHASE_STRIP = NO;
				DEBUG_INFORMATION_FORMAT = dwarf;
				ENABLE_STRICT_OBJC_MSGSEND = YES;
				ENABLE_TESTABILITY = YES;
				GCC_C_LANGUAGE_STANDARD = gnu11;
				GCC_DYNAMIC_NO_PIC = NO;
				GCC_NO_COMMON_BLOCKS = YES;
				GCC_OPTIMIZATION_LEVEL = 0;
				GCC_PREPROCESSOR_DEFINITIONS = (
					"DEBUG=1",
					"$(inherited)",
				);
				GCC_WARN_64_TO_32_BIT_CONVERSION = YES;
				GCC_WARN_ABOUT_RETURN_TYPE = YES_ERROR;
				GCC_WARN_UNDECLARED_SELECTOR = YES;
				GCC_WARN_UNINITIALIZED_AUTOS = YES_AGGRESSIVE;
				GCC_WARN_UNUSED_FUNCTION = YES;
				GCC_WARN_UNUSED_VARIABLE = YES;
				IPHONEOS_DEPLOYMENT_TARGET = 11.1;
				MTL_ENABLE_DEBUG_INFO = YES;
				ONLY_ACTIVE_ARCH = YES;
				SDKROOT = iphoneos;
				SWIFT_ACTIVE_COMPILATION_CONDITIONS = DEBUG;
				SWIFT_OPTIMIZATION_LEVEL = "-Onone";
			};
			name = Debug;
		};
		0A4ACBE61FAB0C4A0097C914 /* Release */ = {
			isa = XCBuildConfiguration;
			buildSettings = {
				ALWAYS_SEARCH_USER_PATHS = NO;
				CLANG_ANALYZER_NONNULL = YES;
				CLANG_ANALYZER_NUMBER_OBJECT_CONVERSION = YES_AGGRESSIVE;
				CLANG_CXX_LANGUAGE_STANDARD = "gnu++14";
				CLANG_CXX_LIBRARY = "libc++";
				CLANG_ENABLE_MODULES = YES;
				CLANG_ENABLE_OBJC_ARC = YES;
				CLANG_WARN_BLOCK_CAPTURE_AUTORELEASING = YES;
				CLANG_WARN_BOOL_CONVERSION = YES;
				CLANG_WARN_COMMA = YES;
				CLANG_WARN_CONSTANT_CONVERSION = YES;
				CLANG_WARN_DIRECT_OBJC_ISA_USAGE = YES_ERROR;
				CLANG_WARN_DOCUMENTATION_COMMENTS = YES;
				CLANG_WARN_EMPTY_BODY = YES;
				CLANG_WARN_ENUM_CONVERSION = YES;
				CLANG_WARN_INFINITE_RECURSION = YES;
				CLANG_WARN_INT_CONVERSION = YES;
				CLANG_WARN_NON_LITERAL_NULL_CONVERSION = YES;
				CLANG_WARN_OBJC_LITERAL_CONVERSION = YES;
				CLANG_WARN_OBJC_ROOT_CLASS = YES_ERROR;
				CLANG_WARN_RANGE_LOOP_ANALYSIS = YES;
				CLANG_WARN_STRICT_PROTOTYPES = YES;
				CLANG_WARN_SUSPICIOUS_MOVE = YES;
				CLANG_WARN_UNGUARDED_AVAILABILITY = YES_AGGRESSIVE;
				CLANG_WARN_UNREACHABLE_CODE = YES;
				CLANG_WARN__DUPLICATE_METHOD_MATCH = YES;
				CODE_SIGN_IDENTITY = "iPhone Developer";
				COPY_PHASE_STRIP = NO;
				DEBUG_INFORMATION_FORMAT = "dwarf-with-dsym";
				ENABLE_NS_ASSERTIONS = NO;
				ENABLE_STRICT_OBJC_MSGSEND = YES;
				GCC_C_LANGUAGE_STANDARD = gnu11;
				GCC_NO_COMMON_BLOCKS = YES;
				GCC_WARN_64_TO_32_BIT_CONVERSION = YES;
				GCC_WARN_ABOUT_RETURN_TYPE = YES_ERROR;
				GCC_WARN_UNDECLARED_SELECTOR = YES;
				GCC_WARN_UNINITIALIZED_AUTOS = YES_AGGRESSIVE;
				GCC_WARN_UNUSED_FUNCTION = YES;
				GCC_WARN_UNUSED_VARIABLE = YES;
				IPHONEOS_DEPLOYMENT_TARGET = 11.1;
				MTL_ENABLE_DEBUG_INFO = NO;
				SDKROOT = iphoneos;
				SWIFT_OPTIMIZATION_LEVEL = "-Owholemodule";
				VALIDATE_PRODUCT = YES;
			};
			name = Release;
		};
		0A4ACBE81FAB0C4A0097C914 /* Debug */ = {
			isa = XCBuildConfiguration;
			baseConfigurationReference = 17A4C4CF0F7CF64CE6B45AFF /* Pods-Tripradar.debug.xcconfig */;
			buildSettings = {
				ASSETCATALOG_COMPILER_APPICON_NAME = AppIcon;
				CODE_SIGN_STYLE = Automatic;
				DEVELOPMENT_TEAM = K26ANCL8DS;
				INFOPLIST_FILE = Tripradar/Info.plist;
				IPHONEOS_DEPLOYMENT_TARGET = 10.3;
				LD_RUNPATH_SEARCH_PATHS = "$(inherited) @executable_path/Frameworks";
				PRODUCT_BUNDLE_IDENTIFIER = fi.monogra.Tripradar;
				PRODUCT_NAME = "$(TARGET_NAME)";
				SWIFT_VERSION = 4.0;
				TARGETED_DEVICE_FAMILY = 1;
			};
			name = Debug;
		};
		0A4ACBE91FAB0C4A0097C914 /* Release */ = {
			isa = XCBuildConfiguration;
			baseConfigurationReference = AA555D2EA0C7FBCC0B0A7C61 /* Pods-Tripradar.release.xcconfig */;
			buildSettings = {
				ASSETCATALOG_COMPILER_APPICON_NAME = AppIcon;
				CODE_SIGN_STYLE = Automatic;
				DEVELOPMENT_TEAM = K26ANCL8DS;
				INFOPLIST_FILE = Tripradar/Info.plist;
				IPHONEOS_DEPLOYMENT_TARGET = 10.3;
				LD_RUNPATH_SEARCH_PATHS = "$(inherited) @executable_path/Frameworks";
				PRODUCT_BUNDLE_IDENTIFIER = fi.monogra.Tripradar;
				PRODUCT_NAME = "$(TARGET_NAME)";
				SWIFT_VERSION = 4.0;
				TARGETED_DEVICE_FAMILY = 1;
			};
			name = Release;
		};
/* End XCBuildConfiguration section */

/* Begin XCConfigurationList section */
		0A4ACBD01FAB0C4A0097C914 /* Build configuration list for PBXProject "Tripradar" */ = {
			isa = XCConfigurationList;
			buildConfigurations = (
				0A4ACBE51FAB0C4A0097C914 /* Debug */,
				0A4ACBE61FAB0C4A0097C914 /* Release */,
			);
			defaultConfigurationIsVisible = 0;
			defaultConfigurationName = Release;
		};
		0A4ACBE71FAB0C4A0097C914 /* Build configuration list for PBXNativeTarget "Tripradar" */ = {
			isa = XCConfigurationList;
			buildConfigurations = (
				0A4ACBE81FAB0C4A0097C914 /* Debug */,
				0A4ACBE91FAB0C4A0097C914 /* Release */,
			);
			defaultConfigurationIsVisible = 0;
			defaultConfigurationName = Release;
		};
/* End XCConfigurationList section */
	};
	rootObject = 0A4ACBCD1FAB0C4A0097C914 /* Project object */;
}
